
Microsoft Visual Studio Solution File, Format Version 12.00
# Visual Studio Version 17
VisualStudioVersion = 17.7.34031.279
MinimumVisualStudioVersion = 10.0.40219.1
Project("{9A19103F-16F7-4668-BE54-9A1E7A4F7556}") = "BankingSystem", "BankingSystem.csproj", "{8EC1DB96-3927-4CF5-AE59-5557B2CD0A7C}"
EndProject
Global
	GlobalSection(SolutionConfigurationPlatforms) = preSolution
		Debug|Any CPU = Debug|Any CPU
		Release|Any CPU = Release|Any CPU
	EndGlobalSection
	GlobalSection(ProjectConfigurationPlatforms) = postSolution
		{8EC1DB96-3927-4CF5-AE59-5557B2CD0A7C}.Debug|Any CPU.ActiveCfg = Debug|Any CPU
		{8EC1DB96-3927-4CF5-AE59-5557B2CD0A7C}.Debug|Any CPU.Build.0 = Debug|Any CPU
		{8EC1DB96-3927-4CF5-AE59-5557B2CD0A7C}.Release|Any CPU.ActiveCfg = Release|Any CPU
		{8EC1DB96-3927-4CF5-AE59-5557B2CD0A7C}.Release|Any CPU.Build.0 = Release|Any CPU
	EndGlobalSection
	GlobalSection(SolutionProperties) = preSolution
		HideSolutionNode = FALSE
	EndGlobalSection
	GlobalSection(ExtensibilityGlobals) = postSolution
		SolutionGuid = {7CA37CBE-1B71-49D4-994E-10F470FE9CD0}
	EndGlobalSection
EndGlobal
